{
  "name": "ethereum-boilerplate",
  "version": "0.1.0",
  "lockfileVersion": 1,
  "requires": true,
  "dependencies": {
    "98.css": {
      "version": "0.1.17",
      "resolved": "https://registry.npmjs.org/98.css/-/98.css-0.1.17.tgz",
      "integrity": "sha512-gIKhzysTUaWYRrBEMjJanp4f65JbsZHcIXD3JHWZLwOz0vmmKP6toMnx0uF9RCfnteMBakzAeRDSbsi8Ez3ASQ=="
    },
    "yarn": {
      "version": "1.22.17",
      "resolved": "https://registry.npmjs.org/yarn/-/yarn-1.22.17.tgz",
      "integrity": "sha512-H0p241BXaH0UN9IeH//RT82tl5PfNraVpSpEoW+ET7lmopNC61eZ+A+IDvU8FM6Go5vx162SncDL8J1ZjRBriQ=="
    }
  }
}
